version = 1
revision = 3
requires-python = "==3.9.*"

[[package]]
name = "attrs"
version = "25.4.0"
source = { registry = "https://pypi.org/simple" }
sdist = { url = "https://files.pythonhosted.org/packages/6b/5c/685e6633917e101e5dcb62b9dd76946cbb57c26e133bae9e0cd36033c0a9/attrs-25.4.0.tar.gz", hash = "sha256:16d5969b87f0859ef33a48b35d55ac1be6e42ae49d5e853b597db70c35c57e11", size = 934251, upload-time = "2025-10-06T13:54:44.725Z" }
wheels = [
    { url = "https://files.pythonhosted.org/packages/3a/2a/7cc015f5b9f5db42b7d48157e23356022889fc354a2813c15934b7cb5c0e/attrs-25.4.0-py3-none-any.whl", hash = "sha256:adcf7e2a1fb3b36ac48d97835bb6d8ade15b8dcce26aba8bf1d14847b57a3373", size = 67615, upload-time = "2025-10-06T13:54:43.17Z" },
]

[[package]]
name = "certifi"
version = "2026.1.4"
source = { registry = "https://pypi.org/simple" }
sdist = { url = "https://files.pythonhosted.org/packages/e0/2d/a891ca51311197f6ad14a7ef42e2399f36cf2f9bd44752b3dc4eab60fdc5/certifi-2026.1.4.tar.gz", hash = "sha256:ac726dd470482006e014ad384921ed6438c457018f4b3d204aea4281258b2120", size = 154268, upload-time = "2026-01-04T02:42:41.825Z" }
wheels = [
    { url = "https://files.pythonhosted.org/packages/e6/ad/3cc14f097111b4de0040c83a525973216457bbeeb63739ef1ed275c1c021/certifi-2026.1.4-py3-none-any.whl", hash = "sha256:9943707519e4add1115f44c2bc244f782c0249876bf51b6599fee1ffbedd685c", size = 152900, upload-time = "2026-01-04T02:42:40.15Z" },
]

[[package]]
name = "charset-normalizer"
version = "3.4.4"
source = { registry = "https://pypi.org/simple" }
sdist = { url = "https://files.pythonhosted.org/packages/13/69/33ddede1939fdd074bce5434295f38fae7136463422fe4fd3e0e89b98062/charset_normalizer-3.4.4.tar.gz", hash = "sha256:94537985111c35f28720e43603b8e7b43a6ecfb2ce1d3058bbe955b73404e21a", size = 129418, upload-time = "2025-10-14T04:42:32.879Z" }
wheels = [
    { url = "https://files.pythonhosted.org/packages/46/7c/0c4760bccf082737ca7ab84a4c2034fcc06b1f21cf3032ea98bd6feb1725/charset_normalizer-3.4.4-cp39-cp39-macosx_10_9_universal2.whl", hash = "sha256:a9768c477b9d7bd54bc0c86dbaebdec6f03306675526c9927c0e8a04e8f94af9", size = 209609, upload-time = "2025-10-14T04:42:10.922Z" },
    { url = "https://files.pythonhosted.org/packages/bb/a4/69719daef2f3d7f1819de60c9a6be981b8eeead7542d5ec4440f3c80e111/charset_normalizer-3.4.4-cp39-cp39-manylinux2014_aarch64.manylinux_2_17_aarch64.manylinux_2_28_aarch64.whl", hash = "sha256:1bee1e43c28aa63cb16e5c14e582580546b08e535299b8b6158a7c9c768a1f3d", size = 149029, upload-time = "2025-10-14T04:42:12.38Z" },
    { url = "https://files.pythonhosted.org/packages/e6/21/8d4e1d6c1e6070d3672908b8e4533a71b5b53e71d16828cc24d0efec564c/charset_normalizer-3.4.4-cp39-cp39-manylinux2014_armv7l.manylinux_2_17_armv7l.manylinux_2_31_armv7l.whl", hash = "sha256:fd44c878ea55ba351104cb93cc85e74916eb8fa440ca7903e57575e97394f608", size = 144580, upload-time = "2025-10-14T04:42:13.549Z" },
    { url = "https://files.pythonhosted.org/packages/a7/0a/a616d001b3f25647a9068e0b9199f697ce507ec898cacb06a0d5a1617c99/charset_normalizer-3.4.4-cp39-cp39-manylinux2014_ppc64le.manylinux_2_17_ppc64le.manylinux_2_28_ppc64le.whl", hash = "sha256:0f04b14ffe5fdc8c4933862d8306109a2c51e0704acfa35d51598eb45a1e89fc", size = 162340, upload-time = "2025-10-14T04:42:14.892Z" },
    { url = "https://files.pythonhosted.org/packages/85/93/060b52deb249a5450460e0585c88a904a83aec474ab8e7aba787f45e79f2/charset_normalizer-3.4.4-cp39-cp39-manylinux2014_s390x.manylinux_2_17_s390x.manylinux_2_28_s390x.whl", hash = "sha256:cd09d08005f958f370f539f186d10aec3377d55b9eeb0d796025d4886119d76e", size = 159619, upload-time = "2025-10-14T04:42:16.676Z" },
    { url = "https://files.pythonhosted.org/packages/dd/21/0274deb1cc0632cd587a9a0ec6b4674d9108e461cb4cd40d457adaeb0564/charset_normalizer-3.4.4-cp39-cp39-manylinux2014_x86_64.manylinux_2_17_x86_64.manylinux_2_28_x86_64.whl", hash = "sha256:4fe7859a4e3e8457458e2ff592f15ccb02f3da787fcd31e0183879c3ad4692a1", size = 153980, upload-time = "2025-10-14T04:42:17.917Z" },
    { url = "https://files.pythonhosted.org/packages/28/2b/e3d7d982858dccc11b31906976323d790dded2017a0572f093ff982d692f/charset_normalizer-3.4.4-cp39-cp39-manylinux_2_31_riscv64.manylinux_2_39_riscv64.whl", hash = "sha256:fa09f53c465e532f4d3db095e0c55b615f010ad81803d383195b6b5ca6cbf5f3", size = 152174, upload-time = "2025-10-14T04:42:19.018Z" },
    { url = "https://files.pythonhosted.org/packages/6e/ff/4a269f8e35f1e58b2df52c131a1fa019acb7ef3f8697b7d464b07e9b492d/charset_normalizer-3.4.4-cp39-cp39-musllinux_1_2_aarch64.whl", hash = "sha256:7fa17817dc5625de8a027cb8b26d9fefa3ea28c8253929b8d6649e705d2835b6", size = 151666, upload-time = "2025-10-14T04:42:20.171Z" },
    { url = "https://files.pythonhosted.org/packages/da/c9/ec39870f0b330d58486001dd8e532c6b9a905f5765f58a6f8204926b4a93/charset_normalizer-3.4.4-cp39-cp39-musllinux_1_2_armv7l.whl", hash = "sha256:5947809c8a2417be3267efc979c47d76a079758166f7d43ef5ae8e9f92751f88", size = 145550, upload-time = "2025-10-14T04:42:21.324Z" },
    { url = "https://files.pythonhosted.org/packages/75/8f/d186ab99e40e0ed9f82f033d6e49001701c81244d01905dd4a6924191a30/charset_normalizer-3.4.4-cp39-cp39-musllinux_1_2_ppc64le.whl", hash = "sha256:4902828217069c3c5c71094537a8e623f5d097858ac6ca8252f7b4d10b7560f1", size = 163721, upload-time = "2025-10-14T04:42:22.46Z" },
    { url = "https://files.pythonhosted.org/packages/96/b1/6047663b9744df26a7e479ac1e77af7134b1fcf9026243bb48ee2d18810f/charset_normalizer-3.4.4-cp39-cp39-musllinux_1_2_riscv64.whl", hash = "sha256:7c308f7e26e4363d79df40ca5b2be1c6ba9f02bdbccfed5abddb7859a6ce72cf", size = 152127, upload-time = "2025-10-14T04:42:23.712Z" },
    { url = "https://files.pythonhosted.org/packages/59/78/e5a6eac9179f24f704d1be67d08704c3c6ab9f00963963524be27c18ed87/charset_normalizer-3.4.4-cp39-cp39-musllinux_1_2_s390x.whl", hash = "sha256:2c9d3c380143a1fedbff95a312aa798578371eb29da42106a29019368a475318", size = 161175, upload-time = "2025-10-14T04:42:24.87Z" },
    { url = "https://files.pythonhosted.org/packages/e5/43/0e626e42d54dd2f8dd6fc5e1c5ff00f05fbca17cb699bedead2cae69c62f/charset_normalizer-3.4.4-cp39-cp39-musllinux_1_2_x86_64.whl", hash = "sha256:cb01158d8b88ee68f15949894ccc6712278243d95f344770fa7593fa2d94410c", size = 155375, upload-time = "2025-10-14T04:42:27.246Z" },
    { url = "https://files.pythonhosted.org/packages/e9/91/d9615bf2e06f35e4997616ff31248c3657ed649c5ab9d35ea12fce54e380/charset_normalizer-3.4.4-cp39-cp39-win32.whl", hash = "sha256:2677acec1a2f8ef614c6888b5b4ae4060cc184174a938ed4e8ef690e15d3e505", size = 99692, upload-time = "2025-10-14T04:42:28.425Z" },
    { url = "https://files.pythonhosted.org/packages/d1/a9/6c040053909d9d1ef4fcab45fddec083aedc9052c10078339b47c8573ea8/charset_normalizer-3.4.4-cp39-cp39-win_amd64.whl", hash = "sha256:f8e160feb2aed042cd657a72acc0b481212ed28b1b9a95c0cee1621b524e1966", size = 107192, upload-time = "2025-10-14T04:42:29.482Z" },
    { url = "https://files.pythonhosted.org/packages/f0/c6/4fa536b2c0cd3edfb7ccf8469fa0f363ea67b7213a842b90909ca33dd851/charset_normalizer-3.4.4-cp39-cp39-win_arm64.whl", hash = "sha256:b5d84d37db046c5ca74ee7bb47dd6cbc13f80665fdde3e8040bdd3fb015ecb50", size = 100220, upload-time = "2025-10-14T04:42:30.632Z" },
    { url = "https://files.pythonhosted.org/packages/0a/4c/925909008ed5a988ccbb72dcc897407e5d6d3bd72410d69e051fc0c14647/charset_normalizer-3.4.4-py3-none-any.whl", hash = "sha256:7a32c560861a02ff789ad905a2fe94e3f840803362c84fecf1851cb4cf3dc37f", size = 53402, upload-time = "2025-10-14T04:42:31.76Z" },
]

[[package]]
name = "clearml"
version = "2.1.3"
source = { registry = "https://pypi.org/simple" }
dependencies = [
    { name = "attrs" },
    { name = "furl" },
    { name = "jsonschema" },
    { name = "numpy" },
    { name = "pathlib2" },
    { name = "pillow" },
    { name = "psutil" },
    { name = "pyjwt" },
    { name = "pyparsing" },
    { name = "python-dateutil" },
    { name = "pyyaml" },
    { name = "referencing" },
    { name = "requests" },
    { name = "six" },
    { name = "urllib3" },
]
wheels = [
    { url = "https://files.pythonhosted.org/packages/ad/99/2a47fbcc5e0a4ff48beabf67490a65b4508acaca948517192063e332b63d/clearml-2.1.3-py2.py3-none-any.whl", hash = "sha256:d28265382acc9a59c75d09101e9653f4c66dfdafa11fae296f1d79470a94a647", size = 1381485, upload-time = "2026-01-25T16:14:55.299Z" },
]

[[package]]
name = "clearml-poc"
version = "0.1.0"
source = { virtual = "." }

[package.dev-dependencies]
client = [
    { name = "clearml" },
]

[package.metadata]

[package.metadata.requires-dev]
client = [{ name = "clearml", specifier = ">=2.1.3" }]

[[package]]
name = "furl"
version = "2.1.4"
source = { registry = "https://pypi.org/simple" }
dependencies = [
    { name = "orderedmultidict" },
    { name = "six" },
]
sdist = { url = "https://files.pythonhosted.org/packages/53/e4/203a76fa2ef46cdb0a618295cc115220cbb874229d4d8721068335eb87f0/furl-2.1.4.tar.gz", hash = "sha256:877657501266c929269739fb5f5980534a41abd6bbabcb367c136d1d3b2a6015", size = 57526, upload-time = "2025-03-09T05:36:21.175Z" }
wheels = [
    { url = "https://files.pythonhosted.org/packages/61/8c/dce3b1b7593858eba995b2dfdb833f872c7f863e3da92aab7128a6b11af4/furl-2.1.4-py2.py3-none-any.whl", hash = "sha256:da34d0b34e53ffe2d2e6851a7085a05d96922b5b578620a37377ff1dbeeb11c8", size = 27550, upload-time = "2025-03-09T05:36:19.928Z" },
]

[[package]]
name = "idna"
version = "3.11"
source = { registry = "https://pypi.org/simple" }
sdist = { url = "https://files.pythonhosted.org/packages/6f/6d/0703ccc57f3a7233505399edb88de3cbd678da106337b9fcde432b65ed60/idna-3.11.tar.gz", hash = "sha256:795dafcc9c04ed0c1fb032c2aa73654d8e8c5023a7df64a53f39190ada629902", size = 194582, upload-time = "2025-10-12T14:55:20.501Z" }
wheels = [
    { url = "https://files.pythonhosted.org/packages/0e/61/66938bbb5fc52dbdf84594873d5b51fb1f7c7794e9c0f5bd885f30bc507b/idna-3.11-py3-none-any.whl", hash = "sha256:771a87f49d9defaf64091e6e6fe9c18d4833f140bd19464795bc32d966ca37ea", size = 71008, upload-time = "2025-10-12T14:55:18.883Z" },
]

[[package]]
name = "jsonschema"
version = "4.25.1"
source = { registry = "https://pypi.org/simple" }
dependencies = [
    { name = "attrs" },
    { name = "jsonschema-specifications" },
    { name = "referencing" },
    { name = "rpds-py" },
]
sdist = { url = "https://files.pythonhosted.org/packages/74/69/f7185de793a29082a9f3c7728268ffb31cb5095131a9c139a74078e27336/jsonschema-4.25.1.tar.gz", hash = "sha256:e4a9655ce0da0c0b67a085847e00a3a51449e1157f4f75e9fb5aa545e122eb85", size = 357342, upload-time = "2025-08-18T17:03:50.038Z" }
wheels = [
    { url = "https://files.pythonhosted.org/packages/bf/9c/8c95d856233c1f82500c2450b8c68576b4cf1c871db3afac5c34ff84e6fd/jsonschema-4.25.1-py3-none-any.whl", hash = "sha256:3fba0169e345c7175110351d456342c364814cfcf3b964ba4587f22915230a63", size = 90040, upload-time = "2025-08-18T17:03:48.373Z" },
]

[[package]]
name = "jsonschema-specifications"
version = "2025.9.1"
source = { registry = "https://pypi.org/simple" }
dependencies = [
    { name = "referencing" },
]
sdist = { url = "https://files.pythonhosted.org/packages/19/74/a633ee74eb36c44aa6d1095e7cc5569bebf04342ee146178e2d36600708b/jsonschema_specifications-2025.9.1.tar.gz", hash = "sha256:b540987f239e745613c7a9176f3edb72b832a4ac465cf02712288397832b5e8d", size = 32855, upload-time = "2025-09-08T01:34:59.186Z" }
wheels = [
    { url = "https://files.pythonhosted.org/packages/41/45/1a4ed80516f02155c51f51e8cedb3c1902296743db0bbc66608a0db2814f/jsonschema_specifications-2025.9.1-py3-none-any.whl", hash = "sha256:98802fee3a11ee76ecaca44429fda8a41bff98b00a0f2838151b113f210cc6fe", size = 18437, upload-time = "2025-09-08T01:34:57.871Z" },
]

[[package]]
name = "numpy"
version = "2.0.2"
source = { registry = "https://pypi.org/simple" }
sdist = { url = "https://files.pythonhosted.org/packages/a9/75/10dd1f8116a8b796cb2c737b674e02d02e80454bda953fa7e65d8c12b016/numpy-2.0.2.tar.gz", hash = "sha256:883c987dee1880e2a864ab0dc9892292582510604156762362d9326444636e78", size = 18902015, upload-time = "2024-08-26T20:19:40.945Z" }
wheels = [
    { url = "https://files.pythonhosted.org/packages/43/c1/41c8f6df3162b0c6ffd4437d729115704bd43363de0090c7f913cfbc2d89/numpy-2.0.2-cp39-cp39-macosx_10_9_x86_64.whl", hash = "sha256:9059e10581ce4093f735ed23f3b9d283b9d517ff46009ddd485f1747eb22653c", size = 21169942, upload-time = "2024-08-26T20:14:40.108Z" },
    { url = "https://files.pythonhosted.org/packages/39/bc/fd298f308dcd232b56a4031fd6ddf11c43f9917fbc937e53762f7b5a3bb1/numpy-2.0.2-cp39-cp39-macosx_11_0_arm64.whl", hash = "sha256:423e89b23490805d2a5a96fe40ec507407b8ee786d66f7328be214f9679df6dd", size = 13711512, upload-time = "2024-08-26T20:15:00.985Z" },
    { url = "https://files.pythonhosted.org/packages/96/ff/06d1aa3eeb1c614eda245c1ba4fb88c483bee6520d361641331872ac4b82/numpy-2.0.2-cp39-cp39-macosx_14_0_arm64.whl", hash = "sha256:2b2955fa6f11907cf7a70dab0d0755159bca87755e831e47932367fc8f2f2d0b", size = 5306976, upload-time = "2024-08-26T20:15:10.876Z" },
    { url = "https://files.pythonhosted.org/packages/2d/98/121996dcfb10a6087a05e54453e28e58694a7db62c5a5a29cee14c6e047b/numpy-2.0.2-cp39-cp39-macosx_14_0_x86_64.whl", hash = "sha256:97032a27bd9d8988b9a97a8c4d2c9f2c15a81f61e2f21404d7e8ef00cb5be729", size = 6906494, upload-time = "2024-08-26T20:15:22.055Z" },
    { url = "https://files.pythonhosted.org/packages/15/31/9dffc70da6b9bbf7968f6551967fc21156207366272c2a40b4ed6008dc9b/numpy-2.0.2-cp39-cp39-manylinux_2_17_aarch64.manylinux2014_aarch64.whl", hash = "sha256:1e795a8be3ddbac43274f18588329c72939870a16cae810c2b73461c40718ab1", size = 13912596, upload-time = "2024-08-26T20:15:42.452Z" },
    { url = "https://files.pythonhosted.org/packages/b9/14/78635daab4b07c0930c919d451b8bf8c164774e6a3413aed04a6d95758ce/numpy-2.0.2-cp39-cp39-manylinux_2_17_x86_64.manylinux2014_x86_64.whl", hash = "sha256:f26b258c385842546006213344c50655ff1555a9338e2e5e02a0756dc3e803dd", size = 19526099, upload-time = "2024-08-26T20:16:11.048Z" },
    { url = "https://files.pythonhosted.org/packages/26/4c/0eeca4614003077f68bfe7aac8b7496f04221865b3a5e7cb230c9d055afd/numpy-2.0.2-cp39-cp39-musllinux_1_1_x86_64.whl", hash = "sha256:5fec9451a7789926bcf7c2b8d187292c9f93ea30284802a0ab3f5be8ab36865d", size = 19932823, upload-time = "2024-08-26T20:16:40.171Z" },
    { url = "https://files.pythonhosted.org/packages/f1/46/ea25b98b13dccaebddf1a803f8c748680d972e00507cd9bc6dcdb5aa2ac1/numpy-2.0.2-cp39-cp39-musllinux_1_2_aarch64.whl", hash = "sha256:9189427407d88ff25ecf8f12469d4d39d35bee1db5d39fc5c168c6f088a6956d", size = 14404424, upload-time = "2024-08-26T20:17:02.604Z" },
    { url = "https://files.pythonhosted.org/packages/c8/a6/177dd88d95ecf07e722d21008b1b40e681a929eb9e329684d449c36586b2/numpy-2.0.2-cp39-cp39-win32.whl", hash = "sha256:905d16e0c60200656500c95b6b8dca5d109e23cb24abc701d41c02d74c6b3afa", size = 6476809, upload-time = "2024-08-26T20:17:13.553Z" },
    { url = "https://files.pythonhosted.org/packages/ea/2b/7fc9f4e7ae5b507c1a3a21f0f15ed03e794c1242ea8a242ac158beb56034/numpy-2.0.2-cp39-cp39-win_amd64.whl", hash = "sha256:a3f4ab0caa7f053f6797fcd4e1e25caee367db3112ef2b6ef82d749530768c73", size = 15911314, upload-time = "2024-08-26T20:17:36.72Z" },
    { url = "https://files.pythonhosted.org/packages/8f/3b/df5a870ac6a3be3a86856ce195ef42eec7ae50d2a202be1f5a4b3b340e14/numpy-2.0.2-pp39-pypy39_pp73-macosx_10_9_x86_64.whl", hash = "sha256:7f0a0c6f12e07fa94133c8a67404322845220c06a9e80e85999afe727f7438b8", size = 21025288, upload-time = "2024-08-26T20:18:07.732Z" },
    { url = "https://files.pythonhosted.org/packages/2c/97/51af92f18d6f6f2d9ad8b482a99fb74e142d71372da5d834b3a2747a446e/numpy-2.0.2-pp39-pypy39_pp73-macosx_14_0_x86_64.whl", hash = "sha256:312950fdd060354350ed123c0e25a71327d3711584beaef30cdaa93320c392d4", size = 6762793, upload-time = "2024-08-26T20:18:19.125Z" },
    { url = "https://files.pythonhosted.org/packages/12/46/de1fbd0c1b5ccaa7f9a005b66761533e2f6a3e560096682683a223631fe9/numpy-2.0.2-pp39-pypy39_pp73-manylinux_2_17_x86_64.manylinux2014_x86_64.whl", hash = "sha256:26df23238872200f63518dd2aa984cfca675d82469535dc7162dc2ee52d9dd5c", size = 19334885, upload-time = "2024-08-26T20:18:47.237Z" },
    { url = "https://files.pythonhosted.org/packages/cc/dc/d330a6faefd92b446ec0f0dfea4c3207bb1fef3c4771d19cf4543efd2c78/numpy-2.0.2-pp39-pypy39_pp73-win_amd64.whl", hash = "sha256:a46288ec55ebbd58947d31d72be2c63cbf839f0a63b49cb755022310792a3385", size = 15828784, upload-time = "2024-08-26T20:19:11.19Z" },
]

[[package]]
name = "orderedmultidict"
version = "1.0.2"
source = { registry = "https://pypi.org/simple" }
dependencies = [
    { name = "six" },
]
sdist = { url = "https://files.pythonhosted.org/packages/5c/62/61ad51f6c19d495970230a7747147ce7ed3c3a63c2af4ebfdb1f6d738703/orderedmultidict-1.0.2.tar.gz", hash = "sha256:16a7ae8432e02cc987d2d6d5af2df5938258f87c870675c73ee77a0920e6f4a6", size = 13973, upload-time = "2025-11-18T08:00:42.649Z" }
wheels = [
    { url = "https://files.pythonhosted.org/packages/b2/6c/d8a02ffb24876b5f51fbd781f479fc6525a518553a4196bd0433dae9ff8e/orderedmultidict-1.0.2-py2.py3-none-any.whl", hash = "sha256:ab5044c1dca4226ae4c28524cfc5cc4c939f0b49e978efa46a6ad6468049f79b", size = 11897, upload-time = "2025-11-18T08:00:41.44Z" },
]

[[package]]
name = "pathlib2"
version = "2.3.7.post1"
source = { registry = "https://pypi.org/simple" }
dependencies = [
    { name = "six" },
]
sdist = { url = "https://files.pythonhosted.org/packages/31/51/99caf463dc7c18eb18dad1fffe465a3cf3ee50ac3d1dccbd1781336fe9c7/pathlib2-2.3.7.post1.tar.gz", hash = "sha256:9fe0edad898b83c0c3e199c842b27ed216645d2e177757b2dd67384d4113c641", size = 211190, upload-time = "2022-02-10T18:01:09.996Z" }
wheels = [
    { url = "https://files.pythonhosted.org/packages/09/eb/4af4bcd5b8731366b676192675221c5324394a580dfae469d498313b5c4a/pathlib2-2.3.7.post1-py2.py3-none-any.whl", hash = "sha256:5266a0fd000452f1b3467d782f079a4343c63aaa119221fbdc4e39577489ca5b", size = 18027, upload-time = "2022-02-10T18:01:07.751Z" },
]

[[package]]
name = "pillow"
version = "11.3.0"
source = { registry = "https://pypi.org/simple" }
sdist = { url = "https://files.pythonhosted.org/packages/f3/0d/d0d6dea55cd152ce3d6767bb38a8fc10e33796ba4ba210cbab9354b6d238/pillow-11.3.0.tar.gz", hash = "sha256:3828ee7586cd0b2091b6209e5ad53e20d0649bbe87164a459d0676e035e8f523", size = 47113069, upload-time = "2025-07-01T09:16:30.666Z" }
wheels = [
    { url = "https://files.pythonhosted.org/packages/9e/8e/9c089f01677d1264ab8648352dcb7773f37da6ad002542760c80107da816/pillow-11.3.0-cp39-cp39-macosx_10_10_x86_64.whl", hash = "sha256:48d254f8a4c776de343051023eb61ffe818299eeac478da55227d96e241de53f", size = 5316478, upload-time = "2025-07-01T09:15:52.209Z" },
    { url = "https://files.pythonhosted.org/packages/b5/a9/5749930caf674695867eb56a581e78eb5f524b7583ff10b01b6e5048acb3/pillow-11.3.0-cp39-cp39-macosx_11_0_arm64.whl", hash = "sha256:7aee118e30a4cf54fdd873bd3a29de51e29105ab11f9aad8c32123f58c8f8081", size = 4686522, upload-time = "2025-07-01T09:15:54.162Z" },
    { url = "https://files.pythonhosted.org/packages/43/46/0b85b763eb292b691030795f9f6bb6fcaf8948c39413c81696a01c3577f7/pillow-11.3.0-cp39-cp39-manylinux2014_aarch64.manylinux_2_17_aarch64.whl", hash = "sha256:23cff760a9049c502721bdb743a7cb3e03365fafcdfc2ef9784610714166e5a4", size = 5853376, upload-time = "2025-07-03T13:11:01.066Z" },
    { url = "https://files.pythonhosted.org/packages/5e/c6/1a230ec0067243cbd60bc2dad5dc3ab46a8a41e21c15f5c9b52b26873069/pillow-11.3.0-cp39-cp39-manylinux2014_x86_64.manylinux_2_17_x86_64.whl", hash = "sha256:6359a3bc43f57d5b375d1ad54a0074318a0844d11b76abccf478c37c986d3cfc", size = 7626020, upload-time = "2025-07-03T13:11:06.479Z" },
    { url = "https://files.pythonhosted.org/packages/63/dd/f296c27ffba447bfad76c6a0c44c1ea97a90cb9472b9304c94a732e8dbfb/pillow-11.3.0-cp39-cp39-manylinux_2_27_aarch64.manylinux_2_28_aarch64.whl", hash = "sha256:092c80c76635f5ecb10f3f83d76716165c96f5229addbd1ec2bdbbda7d496e06", size = 5956732, upload-time = "2025-07-01T09:15:56.111Z" },
    { url = "https://files.pythonhosted.org/packages/a5/a0/98a3630f0b57f77bae67716562513d3032ae70414fcaf02750279c389a9e/pillow-11.3.0-cp39-cp39-manylinux_2_27_x86_64.manylinux_2_28_x86_64.whl", hash = "sha256:cadc9e0ea0a2431124cde7e1697106471fc4c1da01530e679b2391c37d3fbb3a", size = 6624404, upload-time = "2025-07-01T09:15:58.245Z" },
    { url = "https://files.pythonhosted.org/packages/de/e6/83dfba5646a290edd9a21964da07674409e410579c341fc5b8f7abd81620/pillow-11.3.0-cp39-cp39-musllinux_1_2_aarch64.whl", hash = "sha256:6a418691000f2a418c9135a7cf0d797c1bb7d9a485e61fe8e7722845b95ef978", size = 6067760, upload-time = "2025-07-01T09:16:00.003Z" },
    { url = "https://files.pythonhosted.org/packages/bc/41/15ab268fe6ee9a2bc7391e2bbb20a98d3974304ab1a406a992dcb297a370/pillow-11.3.0-cp39-cp39-musllinux_1_2_x86_64.whl", hash = "sha256:97afb3a00b65cc0804d1c7abddbf090a81eaac02768af58cbdcaaa0a931e0b6d", size = 6700534, upload-time = "2025-07-01T09:16:02.29Z" },
    { url = "https://files.pythonhosted.org/packages/64/79/6d4f638b288300bed727ff29f2a3cb63db054b33518a95f27724915e3fbc/pillow-11.3.0-cp39-cp39-win32.whl", hash = "sha256:ea944117a7974ae78059fcc1800e5d3295172bb97035c0c1d9345fca1419da71", size = 6277091, upload-time = "2025-07-01T09:16:04.4Z" },
    { url = "https://files.pythonhosted.org/packages/46/05/4106422f45a05716fd34ed21763f8ec182e8ea00af6e9cb05b93a247361a/pillow-11.3.0-cp39-cp39-win_amd64.whl", hash = "sha256:e5c5858ad8ec655450a7c7df532e9842cf8df7cc349df7225c60d5d348c8aada", size = 6986091, upload-time = "2025-07-01T09:16:06.342Z" },
    { url = "https://files.pythonhosted.org/packages/63/c6/287fd55c2c12761d0591549d48885187579b7c257bef0c6660755b0b59ae/pillow-11.3.0-cp39-cp39-win_arm64.whl", hash = "sha256:6abdbfd3aea42be05702a8dd98832329c167ee84400a1d1f61ab11437f1717eb", size = 2422632, upload-time = "2025-07-01T09:16:08.142Z" },
]

[[package]]
name = "psutil"
version = "7.2.2"
source = { registry = "https://pypi.org/simple" }
sdist = { url = "https://files.pythonhosted.org/packages/aa/c6/d1ddf4abb55e93cebc4f2ed8b5d6dbad109ecb8d63748dd2b20ab5e57ebe/psutil-7.2.2.tar.gz", hash = "sha256:0746f5f8d406af344fd547f1c8daa5f5c33dbc293bb8d6a16d80b4bb88f59372", size = 493740, upload-time = "2026-01-28T18:14:54.428Z" }
wheels = [
    { url = "https://files.pythonhosted.org/packages/e7/36/5ee6e05c9bd427237b11b3937ad82bb8ad2752d72c6969314590dd0c2f6e/psutil-7.2.2-cp36-abi3-macosx_10_9_x86_64.whl", hash = "sha256:ed0cace939114f62738d808fdcecd4c869222507e266e574799e9c0faa17d486", size = 129090, upload-time = "2026-01-28T18:15:22.168Z" },
    { url = "https://files.pythonhosted.org/packages/80/c4/f5af4c1ca8c1eeb2e92ccca14ce8effdeec651d5ab6053c589b074eda6e1/psutil-7.2.2-cp36-abi3-macosx_11_0_arm64.whl", hash = "sha256:1a7b04c10f32cc88ab39cbf606e117fd74721c831c98a27dc04578deb0c16979", size = 129859, upload-time = "2026-01-28T18:15:23.795Z" },
    { url = "https://files.pythonhosted.org/packages/b5/70/5d8df3b09e25bce090399cf48e452d25c935ab72dad19406c77f4e828045/psutil-7.2.2-cp36-abi3-manylinux2010_x86_64.manylinux_2_12_x86_64.manylinux_2_28_x86_64.whl", hash = "sha256:076a2d2f923fd4821644f5ba89f059523da90dc9014e85f8e45a5774ca5bc6f9", size = 155560, upload-time = "2026-01-28T18:15:25.976Z" },
    { url = "https://files.pythonhosted.org/packages/63/65/37648c0c158dc222aba51c089eb3bdfa238e621674dc42d48706e639204f/psutil-7.2.2-cp36-abi3-manylinux2014_aarch64.manylinux_2_17_aarch64.manylinux_2_28_aarch64.whl", hash = "sha256:b0726cecd84f9474419d67252add4ac0cd9811b04d61123054b9fb6f57df6e9e", size = 156997, upload-time = "2026-01-28T18:15:27.794Z" },
    { url = "https://files.pythonhosted.org/packages/8e/13/125093eadae863ce03c6ffdbae9929430d116a246ef69866dad94da3bfbc/psutil-7.2.2-cp36-abi3-musllinux_1_2_aarch64.whl", hash = "sha256:fd04ef36b4a6d599bbdb225dd1d3f51e00105f6d48a28f006da7f9822f2606d8", size = 148972, upload-time = "2026-01-28T18:15:29.342Z" },
    { url = "https://files.pythonhosted.org/packages/04/78/0acd37ca84ce3ddffaa92ef0f571e073faa6d8ff1f0559ab1272188ea2be/psutil-7.2.2-cp36-abi3-musllinux_1_2_x86_64.whl", hash = "sha256:b58fabe35e80b264a4e3bb23e6b96f9e45a3df7fb7eed419ac0e5947c61e47cc", size = 148266, upload-time = "2026-01-28T18:15:31.597Z" },
    { url = "https://files.pythonhosted.org/packages/b4/90/e2159492b5426be0c1fef7acba807a03511f97c5f86b3caeda6ad92351a7/psutil-7.2.2-cp37-abi3-win_amd64.whl", hash = "sha256:eb7e81434c8d223ec4a219b5fc1c47d0417b12be7ea866e24fb5ad6e84b3d988", size = 137737, upload-time = "2026-01-28T18:15:33.849Z" },
    { url = "https://files.pythonhosted.org/packages/8c/c7/7bb2e321574b10df20cbde462a94e2b71d05f9bbda251ef27d104668306a/psutil-7.2.2-cp37-abi3-win_arm64.whl", hash = "sha256:8c233660f575a5a89e6d4cb65d9f938126312bca76d8fe087b947b3a1aaac9ee", size = 134617, upload-time = "2026-01-28T18:15:36.514Z" },
]

[[package]]
name = "pyjwt"
version = "2.10.1"
source = { registry = "https://pypi.org/simple" }
sdist = { url = "https://files.pythonhosted.org/packages/e7/46/bd74733ff231675599650d3e47f361794b22ef3e3770998dda30d3b63726/pyjwt-2.10.1.tar.gz", hash = "sha256:3cc5772eb20009233caf06e9d8a0577824723b44e6648ee0a2aedb6cf9381953", size = 87785, upload-time = "2024-11-28T03:43:29.933Z" }
wheels = [
    { url = "https://files.pythonhosted.org/packages/61/ad/689f02752eeec26aed679477e80e632ef1b682313be70793d798c1d5fc8f/PyJWT-2.10.1-py3-none-any.whl", hash = "sha256:dcdd193e30abefd5debf142f9adfcdd2b58004e644f25406ffaebd50bd98dacb", size = 22997, upload-time = "2024-11-28T03:43:27.893Z" },
]

[[package]]
name = "pyparsing"
version = "3.3.2"
source = { registry = "https://pypi.org/simple" }
sdist = { url = "https://files.pythonhosted.org/packages/f3/91/9c6ee907786a473bf81c5f53cf703ba0957b23ab84c264080fb5a450416f/pyparsing-3.3.2.tar.gz", hash = "sha256:c777f4d763f140633dcb6d8a3eda953bf7a214dc4eff598413c070bcdc117cbc", size = 6851574, upload-time = "2026-01-21T03:57:59.36Z" }
wheels = [
    { url = "https://files.pythonhosted.org/packages/10/bd/c038d7cc38edc1aa5bf91ab8068b63d4308c66c4c8bb3cbba7dfbc049f9c/pyparsing-3.3.2-py3-none-any.whl", hash = "sha256:850ba148bd908d7e2411587e247a1e4f0327839c40e2e5e6d05a007ecc69911d", size = 122781, upload-time = "2026-01-21T03:57:55.912Z" },
]

[[package]]
name = "python-dateutil"
version = "2.9.0.post0"
source = { registry = "https://pypi.org/simple" }
dependencies = [
    { name = "six" },
]
sdist = { url = "https://files.pythonhosted.org/packages/66/c0/0c8b6ad9f17a802ee498c46e004a0eb49bc148f2fd230864601a86dcf6db/python-dateutil-2.9.0.post0.tar.gz", hash = "sha256:37dd54208da7e1cd875388217d5e00ebd4179249f90fb72437e91a35459a0ad3", size = 342432, upload-time = "2024-03-01T18:36:20.211Z" }
wheels = [
    { url = "https://files.pythonhosted.org/packages/ec/57/56b9bcc3c9c6a792fcbaf139543cee77261f3651ca9da0c93f5c1221264b/python_dateutil-2.9.0.post0-py2.py3-none-any.whl", hash = "sha256:a8b2bc7bffae282281c8140a97d3aa9c14da0b136dfe83f850eea9a5f7470427", size = 229892, upload-time = "2024-03-01T18:36:18.57Z" },
]

[[package]]
name = "pyyaml"
version = "6.0.3"
source = { registry = "https://pypi.org/simple" }
sdist = { url = "https://files.pythonhosted.org/packages/05/8e/961c0007c59b8dd7729d542c61a4d537767a59645b82a0b521206e1e25c2/pyyaml-6.0.3.tar.gz", hash = "sha256:d76623373421df22fb4cf8817020cbb7ef15c725b9d5e45f17e189bfc384190f", size = 130960, upload-time = "2025-09-25T21:33:16.546Z" }
wheels = [
    { url = "https://files.pythonhosted.org/packages/9f/62/67fc8e68a75f738c9200422bf65693fb79a4cd0dc5b23310e5202e978090/pyyaml-6.0.3-cp39-cp39-macosx_10_13_x86_64.whl", hash = "sha256:b865addae83924361678b652338317d1bd7e79b1f4596f96b96c77a5a34b34da", size = 184450, upload-time = "2025-09-25T21:33:00.618Z" },
    { url = "https://files.pythonhosted.org/packages/ae/92/861f152ce87c452b11b9d0977952259aa7df792d71c1053365cc7b09cc08/pyyaml-6.0.3-cp39-cp39-macosx_11_0_arm64.whl", hash = "sha256:c3355370a2c156cffb25e876646f149d5d68f5e0a3ce86a5084dd0b64a994917", size = 174319, upload-time = "2025-09-25T21:33:02.086Z" },
    { url = "https://files.pythonhosted.org/packages/d0/cd/f0cfc8c74f8a030017a2b9c771b7f47e5dd702c3e28e5b2071374bda2948/pyyaml-6.0.3-cp39-cp39-manylinux2014_aarch64.manylinux_2_17_aarch64.manylinux_2_28_aarch64.whl", hash = "sha256:3c5677e12444c15717b902a5798264fa7909e41153cdf9ef7ad571b704a63dd9", size = 737631, upload-time = "2025-09-25T21:33:03.25Z" },
    { url = "https://files.pythonhosted.org/packages/ef/b2/18f2bd28cd2055a79a46c9b0895c0b3d987ce40ee471cecf58a1a0199805/pyyaml-6.0.3-cp39-cp39-manylinux2014_s390x.manylinux_2_17_s390x.manylinux_2_28_s390x.whl", hash = "sha256:5ed875a24292240029e4483f9d4a4b8a1ae08843b9c54f43fcc11e404532a8a5", size = 836795, upload-time = "2025-09-25T21:33:05.014Z" },
    { url = "https://files.pythonhosted.org/packages/73/b9/793686b2d54b531203c160ef12bec60228a0109c79bae6c1277961026770/pyyaml-6.0.3-cp39-cp39-manylinux2014_x86_64.manylinux_2_17_x86_64.manylinux_2_28_x86_64.whl", hash = "sha256:0150219816b6a1fa26fb4699fb7daa9caf09eb1999f3b70fb6e786805e80375a", size = 750767, upload-time = "2025-09-25T21:33:06.398Z" },
    { url = "https://files.pythonhosted.org/packages/a9/86/a137b39a611def2ed78b0e66ce2fe13ee701a07c07aebe55c340ed2a050e/pyyaml-6.0.3-cp39-cp39-musllinux_1_2_aarch64.whl", hash = "sha256:fa160448684b4e94d80416c0fa4aac48967a969efe22931448d853ada8baf926", size = 727982, upload-time = "2025-09-25T21:33:08.708Z" },
    { url = "https://files.pythonhosted.org/packages/dd/62/71c27c94f457cf4418ef8ccc71735324c549f7e3ea9d34aba50874563561/pyyaml-6.0.3-cp39-cp39-musllinux_1_2_x86_64.whl", hash = "sha256:27c0abcb4a5dac13684a37f76e701e054692a9b2d3064b70f5e4eb54810553d7", size = 755677, upload-time = "2025-09-25T21:33:09.876Z" },
    { url = "https://files.pythonhosted.org/packages/29/3d/6f5e0d58bd924fb0d06c3a6bad00effbdae2de5adb5cda5648006ffbd8d3/pyyaml-6.0.3-cp39-cp39-win32.whl", hash = "sha256:1ebe39cb5fc479422b83de611d14e2c0d3bb2a18bbcb01f229ab3cfbd8fee7a0", size = 142592, upload-time = "2025-09-25T21:33:10.983Z" },
    { url = "https://files.pythonhosted.org/packages/f0/0c/25113e0b5e103d7f1490c0e947e303fe4a696c10b501dea7a9f49d4e876c/pyyaml-6.0.3-cp39-cp39-win_amd64.whl", hash = "sha256:2e71d11abed7344e42a8849600193d15b6def118602c4c176f748e4583246007", size = 158777, upload-time = "2025-09-25T21:33:15.55Z" },
]

[[package]]
name = "referencing"
version = "0.36.2"
source = { registry = "https://pypi.org/simple" }
dependencies = [
    { name = "attrs" },
    { name = "rpds-py" },
    { name = "typing-extensions" },
]
sdist = { url = "https://files.pythonhosted.org/packages/2f/db/98b5c277be99dd18bfd91dd04e1b759cad18d1a338188c936e92f921c7e2/referencing-0.36.2.tar.gz", hash = "sha256:df2e89862cd09deabbdba16944cc3f10feb6b3e6f18e902f7cc25609a34775aa", size = 74744, upload-time = "2025-01-25T08:48:16.138Z" }
wheels = [
    { url = "https://files.pythonhosted.org/packages/c1/b1/3baf80dc6d2b7bc27a95a67752d0208e410351e3feb4eb78de5f77454d8d/referencing-0.36.2-py3-none-any.whl", hash = "sha256:e8699adbbf8b5c7de96d8ffa0eb5c158b3beafce084968e2ea8bb08c6794dcd0", size = 26775, upload-time = "2025-01-25T08:48:14.241Z" },
]

[[package]]
name = "requests"
version = "2.32.5"
source = { registry = "https://pypi.org/simple" }
dependencies = [
    { name = "certifi" },
    { name = "charset-normalizer" },
    { name = "idna" },
    { name = "urllib3" },
]
sdist = { url = "https://files.pythonhosted.org/packages/c9/74/b3ff8e6c8446842c3f5c837e9c3dfcfe2018ea6ecef224c710c85ef728f4/requests-2.32.5.tar.gz", hash = "sha256:dbba0bac56e100853db0ea71b82b4dfd5fe2bf6d3754a8893c3af500cec7d7cf", size = 134517, upload-time = "2025-08-18T20:46:02.573Z" }
wheels = [
    { url = "https://files.pythonhosted.org/packages/1e/db/4254e3eabe8020b458f1a747140d32277ec7a271daf1d235b70dc0b4e6e3/requests-2.32.5-py3-none-any.whl", hash = "sha256:2462f94637a34fd532264295e186976db0f5d453d1cdd31473c85a6a161affb6", size = 64738, upload-time = "2025-08-18T20:46:00.542Z" },
]

[[package]]
name = "rpds-py"
version = "0.27.1"
source = { registry = "https://pypi.org/simple" }
sdist = { url = "https://files.pythonhosted.org/packages/e9/dd/2c0cbe774744272b0ae725f44032c77bdcab6e8bcf544bffa3b6e70c8dba/rpds_py-0.27.1.tar.gz", hash = "sha256:26a1c73171d10b7acccbded82bf6a586ab8203601e565badc74bbbf8bc5a10f8", size = 27479, upload-time = "2025-08-27T12:16:36.024Z" }
wheels = [
    { url = "https://files.pythonhosted.org/packages/7f/6c/252e83e1ce7583c81f26d1d884b2074d40a13977e1b6c9c50bbf9a7f1f5a/rpds_py-0.27.1-cp39-cp39-macosx_10_12_x86_64.whl", hash = "sha256:c918c65ec2e42c2a78d19f18c553d77319119bf43aa9e2edf7fb78d624355527", size = 372140, upload-time = "2025-08-27T12:15:05.441Z" },
    { url = "https://files.pythonhosted.org/packages/9d/71/949c195d927c5aeb0d0629d329a20de43a64c423a6aa53836290609ef7ec/rpds_py-0.27.1-cp39-cp39-macosx_11_0_arm64.whl", hash = "sha256:1fea2b1a922c47c51fd07d656324531adc787e415c8b116530a1d29c0516c62d", size = 354086, upload-time = "2025-08-27T12:15:07.404Z" },
    { url = "https://files.pythonhosted.org/packages/9f/02/e43e332ad8ce4f6c4342d151a471a7f2900ed1d76901da62eb3762663a71/rpds_py-0.27.1-cp39-cp39-manylinux_2_17_aarch64.manylinux2014_aarch64.whl", hash = "sha256:bbf94c58e8e0cd6b6f38d8de67acae41b3a515c26169366ab58bdca4a6883bb8", size = 382117, upload-time = "2025-08-27T12:15:09.275Z" },
    { url = "https://files.pythonhosted.org/packages/d0/05/b0fdeb5b577197ad72812bbdfb72f9a08fa1e64539cc3940b1b781cd3596/rpds_py-0.27.1-cp39-cp39-manylinux_2_17_armv7l.manylinux2014_armv7l.whl", hash = "sha256:c2a8fed130ce946d5c585eddc7c8eeef0051f58ac80a8ee43bd17835c144c2cc", size = 394520, upload-time = "2025-08-27T12:15:10.727Z" },
    { url = "https://files.pythonhosted.org/packages/67/1f/4cfef98b2349a7585181e99294fa2a13f0af06902048a5d70f431a66d0b9/rpds_py-0.27.1-cp39-cp39-manylinux_2_17_ppc64le.manylinux2014_ppc64le.whl", hash = "sha256:037a2361db72ee98d829bc2c5b7cc55598ae0a5e0ec1823a56ea99374cfd73c1", size = 522657, upload-time = "2025-08-27T12:15:12.613Z" },
    { url = "https://files.pythonhosted.org/packages/44/55/ccf37ddc4c6dce7437b335088b5ca18da864b334890e2fe9aa6ddc3f79a9/rpds_py-0.27.1-cp39-cp39-manylinux_2_17_s390x.manylinux2014_s390x.whl", hash = "sha256:5281ed1cc1d49882f9997981c88df1a22e140ab41df19071222f7e5fc4e72125", size = 402967, upload-time = "2025-08-27T12:15:14.113Z" },
    { url = "https://files.pythonhosted.org/packages/74/e5/5903f92e41e293b07707d5bf00ef39a0eb2af7190aff4beaf581a6591510/rpds_py-0.27.1-cp39-cp39-manylinux_2_17_x86_64.manylinux2014_x86_64.whl", hash = "sha256:2fd50659a069c15eef8aa3d64bbef0d69fd27bb4a50c9ab4f17f83a16cbf8905", size = 384372, upload-time = "2025-08-27T12:15:15.842Z" },
    { url = "https://files.pythonhosted.org/packages/8f/e3/fbb409e18aeefc01e49f5922ac63d2d914328430e295c12183ce56ebf76b/rpds_py-0.27.1-cp39-cp39-manylinux_2_31_riscv64.whl", hash = "sha256:c4b676c4ae3921649a15d28ed10025548e9b561ded473aa413af749503c6737e", size = 401264, upload-time = "2025-08-27T12:15:17.388Z" },
    { url = "https://files.pythonhosted.org/packages/55/79/529ad07794e05cb0f38e2f965fc5bb20853d523976719400acecc447ec9d/rpds_py-0.27.1-cp39-cp39-manylinux_2_5_i686.manylinux1_i686.whl", hash = "sha256:079bc583a26db831a985c5257797b2b5d3affb0386e7ff886256762f82113b5e", size = 418691, upload-time = "2025-08-27T12:15:19.144Z" },
    { url = "https://files.pythonhosted.org/packages/33/39/6554a7fd6d9906fda2521c6d52f5d723dca123529fb719a5b5e074c15e01/rpds_py-0.27.1-cp39-cp39-musllinux_1_2_aarch64.whl", hash = "sha256:4e44099bd522cba71a2c6b97f68e19f40e7d85399de899d66cdb67b32d7cb786", size = 558989, upload-time = "2025-08-27T12:15:21.087Z" },
    { url = "https://files.pythonhosted.org/packages/19/b2/76fa15173b6f9f445e5ef15120871b945fb8dd9044b6b8c7abe87e938416/rpds_py-0.27.1-cp39-cp39-musllinux_1_2_i686.whl", hash = "sha256:e202e6d4188e53c6661af813b46c37ca2c45e497fc558bacc1a7630ec2695aec", size = 589835, upload-time = "2025-08-27T12:15:22.696Z" },
    { url = "https://files.pythonhosted.org/packages/ee/9e/5560a4b39bab780405bed8a88ee85b30178061d189558a86003548dea045/rpds_py-0.27.1-cp39-cp39-musllinux_1_2_x86_64.whl", hash = "sha256:f41f814b8eaa48768d1bb551591f6ba45f87ac76899453e8ccd41dba1289b04b", size = 555227, upload-time = "2025-08-27T12:15:24.278Z" },
    { url = "https://files.pythonhosted.org/packages/52/d7/cd9c36215111aa65724c132bf709c6f35175973e90b32115dedc4ced09cb/rpds_py-0.27.1-cp39-cp39-win32.whl", hash = "sha256:9e71f5a087ead99563c11fdaceee83ee982fd39cf67601f4fd66cb386336ee52", size = 217899, upload-time = "2025-08-27T12:15:25.926Z" },
    { url = "https://files.pythonhosted.org/packages/5b/e0/d75ab7b4dd8ba777f6b365adbdfc7614bbfe7c5f05703031dfa4b61c3d6c/rpds_py-0.27.1-cp39-cp39-win_amd64.whl", hash = "sha256:71108900c9c3c8590697244b9519017a400d9ba26a36c48381b3f64743a44aab", size = 228725, upload-time = "2025-08-27T12:15:27.398Z" },
    { url = "https://files.pythonhosted.org/packages/4e/ea/5463cd5048a7a2fcdae308b6e96432802132c141bfb9420260142632a0f1/rpds_py-0.27.1-pp39-pypy39_pp73-macosx_10_12_x86_64.whl", hash = "sha256:aa8933159edc50be265ed22b401125c9eebff3171f570258854dbce3ecd55475", size = 371778, upload-time = "2025-08-27T12:16:13.851Z" },
    { url = "https://files.pythonhosted.org/packages/0d/c8/f38c099db07f5114029c1467649d308543906933eebbc226d4527a5f4693/rpds_py-0.27.1-pp39-pypy39_pp73-macosx_11_0_arm64.whl", hash = "sha256:a50431bf02583e21bf273c71b89d710e7a710ad5e39c725b14e685610555926f", size = 354394, upload-time = "2025-08-27T12:16:15.609Z" },
    { url = "https://files.pythonhosted.org/packages/7d/79/b76f97704d9dd8ddbd76fed4c4048153a847c5d6003afe20a6b5c3339065/rpds_py-0.27.1-pp39-pypy39_pp73-manylinux_2_17_aarch64.manylinux2014_aarch64.whl", hash = "sha256:78af06ddc7fe5cc0e967085a9115accee665fb912c22a3f54bad70cc65b05fe6", size = 382348, upload-time = "2025-08-27T12:16:17.251Z" },
    { url = "https://files.pythonhosted.org/packages/8a/3f/ef23d3c1be1b837b648a3016d5bbe7cfe711422ad110b4081c0a90ef5a53/rpds_py-0.27.1-pp39-pypy39_pp73-manylinux_2_17_armv7l.manylinux2014_armv7l.whl", hash = "sha256:70d0738ef8fee13c003b100c2fbd667ec4f133468109b3472d249231108283a3", size = 394159, upload-time = "2025-08-27T12:16:19.251Z" },
    { url = "https://files.pythonhosted.org/packages/74/8a/9e62693af1a34fd28b1a190d463d12407bd7cf561748cb4745845d9548d3/rpds_py-0.27.1-pp39-pypy39_pp73-manylinux_2_17_ppc64le.manylinux2014_ppc64le.whl", hash = "sha256:e2f6fd8a1cea5bbe599b6e78a6e5ee08db434fc8ffea51ff201c8765679698b3", size = 522775, upload-time = "2025-08-27T12:16:20.929Z" },
    { url = "https://files.pythonhosted.org/packages/36/0d/8d5bb122bf7a60976b54c5c99a739a3819f49f02d69df3ea2ca2aff47d5c/rpds_py-0.27.1-pp39-pypy39_pp73-manylinux_2_17_s390x.manylinux2014_s390x.whl", hash = "sha256:8177002868d1426305bb5de1e138161c2ec9eb2d939be38291d7c431c4712df8", size = 402633, upload-time = "2025-08-27T12:16:22.548Z" },
    { url = "https://files.pythonhosted.org/packages/0f/0e/237948c1f425e23e0cf5a566d702652a6e55c6f8fbd332a1792eb7043daf/rpds_py-0.27.1-pp39-pypy39_pp73-manylinux_2_17_x86_64.manylinux2014_x86_64.whl", hash = "sha256:008b839781d6c9bf3b6a8984d1d8e56f0ec46dc56df61fd669c49b58ae800400", size = 384867, upload-time = "2025-08-27T12:16:24.29Z" },
    { url = "https://files.pythonhosted.org/packages/d6/0a/da0813efcd998d260cbe876d97f55b0f469ada8ba9cbc47490a132554540/rpds_py-0.27.1-pp39-pypy39_pp73-manylinux_2_31_riscv64.whl", hash = "sha256:a55b9132bb1ade6c734ddd2759c8dc132aa63687d259e725221f106b83a0e485", size = 401791, upload-time = "2025-08-27T12:16:25.954Z" },
    { url = "https://files.pythonhosted.org/packages/51/78/c6c9e8a8aaca416a6f0d1b6b4a6ee35b88fe2c5401d02235d0a056eceed2/rpds_py-0.27.1-pp39-pypy39_pp73-manylinux_2_5_i686.manylinux1_i686.whl", hash = "sha256:a46fdec0083a26415f11d5f236b79fa1291c32aaa4a17684d82f7017a1f818b1", size = 419525, upload-time = "2025-08-27T12:16:27.659Z" },
    { url = "https://files.pythonhosted.org/packages/a3/69/5af37e1d71487cf6d56dd1420dc7e0c2732c1b6ff612aa7a88374061c0a8/rpds_py-0.27.1-pp39-pypy39_pp73-musllinux_1_2_aarch64.whl", hash = "sha256:8a63b640a7845f2bdd232eb0d0a4a2dd939bcdd6c57e6bb134526487f3160ec5", size = 559255, upload-time = "2025-08-27T12:16:29.343Z" },
    { url = "https://files.pythonhosted.org/packages/40/7f/8b7b136069ef7ac3960eda25d832639bdb163018a34c960ed042dd1707c8/rpds_py-0.27.1-pp39-pypy39_pp73-musllinux_1_2_i686.whl", hash = "sha256:7e32721e5d4922deaaf963469d795d5bde6093207c52fec719bd22e5d1bedbc4", size = 590384, upload-time = "2025-08-27T12:16:31.005Z" },
    { url = "https://files.pythonhosted.org/packages/d8/06/c316d3f6ff03f43ccb0eba7de61376f8ec4ea850067dddfafe98274ae13c/rpds_py-0.27.1-pp39-pypy39_pp73-musllinux_1_2_x86_64.whl", hash = "sha256:2c426b99a068601b5f4623573df7a7c3d72e87533a2dd2253353a03e7502566c", size = 555959, upload-time = "2025-08-27T12:16:32.73Z" },
    { url = "https://files.pythonhosted.org/packages/60/94/384cf54c430b9dac742bbd2ec26c23feb78ded0d43d6d78563a281aec017/rpds_py-0.27.1-pp39-pypy39_pp73-win_amd64.whl", hash = "sha256:4fc9b7fe29478824361ead6e14e4f5aed570d477e06088826537e202d25fe859", size = 228784, upload-time = "2025-08-27T12:16:34.428Z" },
]

[[package]]
name = "six"
version = "1.17.0"
source = { registry = "https://pypi.org/simple" }
sdist = { url = "https://files.pythonhosted.org/packages/94/e7/b2c673351809dca68a0e064b6af791aa332cf192da575fd474ed7d6f16a2/six-1.17.0.tar.gz", hash = "sha256:ff70335d468e7eb6ec65b95b99d3a2836546063f63acc5171de367e834932a81", size = 34031, upload-time = "2024-12-04T17:35:28.174Z" }
wheels = [
    { url = "https://files.pythonhosted.org/packages/b7/ce/149a00dd41f10bc29e5921b496af8b574d8413afcd5e30dfa0ed46c2cc5e/six-1.17.0-py2.py3-none-any.whl", hash = "sha256:4721f391ed90541fddacab5acf947aa0d3dc7d27b2e1e8eda2be8970586c3274", size = 11050, upload-time = "2024-12-04T17:35:26.475Z" },
]

[[package]]
name = "typing-extensions"
version = "4.15.0"
source = { registry = "https://pypi.org/simple" }
sdist = { url = "https://files.pythonhosted.org/packages/72/94/1a15dd82efb362ac84269196e94cf00f187f7ed21c242792a923cdb1c61f/typing_extensions-4.15.0.tar.gz", hash = "sha256:0cea48d173cc12fa28ecabc3b837ea3cf6f38c6d1136f85cbaaf598984861466", size = 109391, upload-time = "2025-08-25T13:49:26.313Z" }
wheels = [
    { url = "https://files.pythonhosted.org/packages/18/67/36e9267722cc04a6b9f15c7f3441c2363321a3ea07da7ae0c0707beb2a9c/typing_extensions-4.15.0-py3-none-any.whl", hash = "sha256:f0fa19c6845758ab08074a0cfa8b7aecb71c999ca73d62883bc25cc018c4e548", size = 44614, upload-time = "2025-08-25T13:49:24.86Z" },
]

[[package]]
name = "urllib3"
version = "2.6.3"
source = { registry = "https://pypi.org/simple" }
sdist = { url = "https://files.pythonhosted.org/packages/c7/24/5f1b3bdffd70275f6661c76461e25f024d5a38a46f04aaca912426a2b1d3/urllib3-2.6.3.tar.gz", hash = "sha256:1b62b6884944a57dbe321509ab94fd4d3b307075e0c2eae991ac71ee15ad38ed", size = 435556, upload-time = "2026-01-07T16:24:43.925Z" }
wheels = [
    { url = "https://files.pythonhosted.org/packages/39/08/aaaad47bc4e9dc8c725e68f9d04865dbcb2052843ff09c97b08904852d84/urllib3-2.6.3-py3-none-any.whl", hash = "sha256:bf272323e553dfb2e87d9bfd225ca7b0f467b919d7bbd355436d3fd37cb0acd4", size = 131584, upload-time = "2026-01-07T16:24:42.685Z" },
]
